# THIS IS AN AUTOGENERATED FILE. DO NOT EDIT THIS FILE DIRECTLY.
# yarn lockfile v1


bluebird@^3.4.7:
  version "3.4.7"
  resolved "https://registry.yarnpkg.com/bluebird/-/bluebird-3.4.7.tgz#f72d760be09b7f76d08ed8fae98b289a8d05fab3"

events@1.0.2:
  version "1.0.2"
  resolved "https://registry.yarnpkg.com/events/-/events-1.0.2.tgz#75849dcfe93d10fb057c30055afdbd51d06a8e24"
